
Microsoft Visual Studio Solution File, Format Version 12.00
# Visual Studio Version 17
VisualStudioVersion = 17.3.32901.215
MinimumVisualStudioVersion = 10.0.40219.1
Project("{FAE04EC0-301F-11D3-BF4B-00C04F79EFBC}") = "AtmMachineDesktop", "AtmMachineDesktop.csproj", "{CC4FE5E2-418D-467E-A5BD-AA53679E8381}"
EndProject
Global
	GlobalSection(SolutionConfigurationPlatforms) = preSolution
		Debug|Any CPU = Debug|Any CPU
		Release|Any CPU = Release|Any CPU
	EndGlobalSection
	GlobalSection(ProjectConfigurationPlatforms) = postSolution
		{CC4FE5E2-418D-467E-A5BD-AA53679E8381}.Debug|Any CPU.ActiveCfg = Debug|Any CPU
		{CC4FE5E2-418D-467E-A5BD-AA53679E8381}.Debug|Any CPU.Build.0 = Debug|Any CPU
		{CC4FE5E2-418D-467E-A5BD-AA53679E8381}.Release|Any CPU.ActiveCfg = Release|Any CPU
		{CC4FE5E2-418D-467E-A5BD-AA53679E8381}.Release|Any CPU.Build.0 = Release|Any CPU
	EndGlobalSection
	GlobalSection(SolutionProperties) = preSolution
		HideSolutionNode = FALSE
	EndGlobalSection
	GlobalSection(ExtensibilityGlobals) = postSolution
		SolutionGuid = {F6A2CD65-9C24-49C1-A200-E9EE79E4080E}
	EndGlobalSection
EndGlobal
